// !$*UTF8*$!
{
	archiveVersion = 1;
	classes = {
	};
	objectVersion = 50;
	objects = {

/* Begin PBXBuildFile section */
		9A340F3522208A3300EFCCF1 /* input.rtf in Resources */ = {isa = PBXBuildFile; fileRef = 9A340F3422208A3300EFCCF1 /* input.rtf */; };
		9A4CDD2522187E730017EF2F /* AppDelegate.swift in Sources */ = {isa = PBXBuildFile; fileRef = 9A4CDD2422187E730017EF2F /* AppDelegate.swift */; };
		9A4CDD2722187E730017EF2F /* WebView.swift in Sources */ = {isa = PBXBuildFile; fileRef = 9A4CDD2622187E730017EF2F /* WebView.swift */; };
		9A4CDD2922187E730017EF2F /* SourceCode.swift in Sources */ = {isa = PBXBuildFile; fileRef = 9A4CDD2822187E730017EF2F /* SourceCode.swift */; };
		9A4CDD2C22187E730017EF2F /* Main.storyboard in Resources */ = {isa = PBXBuildFile; fileRef = 9A4CDD2A22187E730017EF2F /* Main.storyboard */; };
		9A4CDD2E22187E740017EF2F /* Assets.xcassets in Resources */ = {isa = PBXBuildFile; fileRef = 9A4CDD2D22187E740017EF2F /* Assets.xcassets */; };
		9A4CDD3122187E740017EF2F /* LaunchScreen.storyboard in Resources */ = {isa = PBXBuildFile; fileRef = 9A4CDD2F22187E740017EF2F /* LaunchScreen.storyboard */; };
		9A4CDD39221898C80017EF2F /* DataExchange.swift in Sources */ = {isa = PBXBuildFile; fileRef = 9A4CDD38221898C80017EF2F /* DataExchange.swift */; };
		9ADFEEA72224782600A232AA /* StringExtension.swift in Sources */ = {isa = PBXBuildFile; fileRef = 9ADFEEA62224782600A232AA /* StringExtension.swift */; };
/* End PBXBuildFile section */

/* Begin PBXFileReference section */
		9A340F3422208A3300EFCCF1 /* input.rtf */ = {isa = PBXFileReference; fileEncoding = 4; lastKnownFileType = text.rtf; path = input.rtf; sourceTree = "<group>"; };
		9A4CDD2122187E730017EF2F /* WebnSource.app */ = {isa = PBXFileReference; explicitFileType = wrapper.application; includeInIndex = 0; path = WebnSource.app; sourceTree = BUILT_PRODUCTS_DIR; };
		9A4CDD2422187E730017EF2F /* AppDelegate.swift */ = {isa = PBXFileReference; lastKnownFileType = sourcecode.swift; path = AppDelegate.swift; sourceTree = "<group>"; };
		9A4CDD2622187E730017EF2F /* WebView.swift */ = {isa = PBXFileReference; lastKnownFileType = sourcecode.swift; path = WebView.swift; sourceTree = "<group>"; };
		9A4CDD2822187E730017EF2F /* SourceCode.swift */ = {isa = PBXFileReference; lastKnownFileType = sourcecode.swift; path = SourceCode.swift; sourceTree = "<group>"; };
		9A4CDD2B22187E730017EF2F /* Base */ = {isa = PBXFileReference; lastKnownFileType = file.storyboard; name = Base; path = Base.lproj/Main.storyboard; sourceTree = "<group>"; };
		9A4CDD2D22187E740017EF2F /* Assets.xcassets */ = {isa = PBXFileReference; lastKnownFileType = folder.assetcatalog; path = Assets.xcassets; sourceTree = "<group>"; };
		9A4CDD3022187E740017EF2F /* Base */ = {isa = PBXFileReference; lastKnownFileType = file.storyboard; name = Base; path = Base.lproj/LaunchScreen.storyboard; sourceTree = "<group>"; };
		9A4CDD3222187E740017EF2F /* Info.plist */ = {isa = PBXFileReference; lastKnownFileType = text.plist.xml; path = Info.plist; sourceTree = "<group>"; };
		9A4CDD38221898C80017EF2F /* DataExchange.swift */ = {isa = PBXFileReference; lastKnownFileType = sourcecode.swift; path = DataExchange.swift; sourceTree = "<group>"; };
		9ADFEEA62224782600A232AA /* StringExtension.swift */ = {isa = PBXFileReference; lastKnownFileType = sourcecode.swift; name = StringExtension.swift; path = Extensions/StringExtension.swift; sourceTree = "<group>"; };
/* End PBXFileReference section */

/* Begin PBXFrameworksBuildPhase section */
		9A4CDD1E22187E730017EF2F /* Frameworks */ = {
			isa = PBXFrameworksBuildPhase;
			buildActionMask = 2147483647;
			files = (
			);
			runOnlyForDeploymentPostprocessing = 0;
		};
/* End PBXFrameworksBuildPhase section */

/* Begin PBXGroup section */
		9A4CDD1822187E730017EF2F = {
			isa = PBXGroup;
			children = (
				9ADFEEA62224782600A232AA /* StringExtension.swift */,
				9A4CDD2322187E730017EF2F /* WebnSource */,
				9A4CDD2222187E730017EF2F /* Products */,
			);
			sourceTree = "<group>";
		};
		9A4CDD2222187E730017EF2F /* Products */ = {
			isa = PBXGroup;
			children = (
				9A4CDD2122187E730017EF2F /* WebnSource.app */,
			);
			name = Products;
			sourceTree = "<group>";
		};
		9A4CDD2322187E730017EF2F /* WebnSource */ = {
			isa = PBXGroup;
			children = (
				9A4CDD2422187E730017EF2F /* AppDelegate.swift */,
				9A4CDD2622187E730017EF2F /* WebView.swift */,
				9A4CDD2822187E730017EF2F /* SourceCode.swift */,
				9A4CDD2A22187E730017EF2F /* Main.storyboard */,
				9A4CDD38221898C80017EF2F /* DataExchange.swift */,
				9A4CDD2D22187E740017EF2F /* Assets.xcassets */,
				9A4CDD2F22187E740017EF2F /* LaunchScreen.storyboard */,
				9A4CDD3222187E740017EF2F /* Info.plist */,
				9A340F3422208A3300EFCCF1 /* input.rtf */,
			);
			path = WebnSource;
			sourceTree = "<group>";
		};
/* End PBXGroup section */

/* Begin PBXNativeTarget section */
		9A4CDD2022187E730017EF2F /* WebnSource */ = {
			isa = PBXNativeTarget;
			buildConfigurationList = 9A4CDD3522187E740017EF2F /* Build configuration list for PBXNativeTarget "WebnSource" */;
			buildPhases = (
				9A4CDD1D22187E730017EF2F /* Sources */,
				9A4CDD1E22187E730017EF2F /* Frameworks */,
				9A4CDD1F22187E730017EF2F /* Resources */,
			);
			buildRules = (
			);
			dependencies = (
			);
			name = WebnSource;
			productName = WebnSource;
			productReference = 9A4CDD2122187E730017EF2F /* WebnSource.app */;
			productType = "com.apple.product-type.application";
		};
/* End PBXNativeTarget section */

/* Begin PBXProject section */
		9A4CDD1922187E730017EF2F /* Project object */ = {
			isa = PBXProject;
			attributes = {
				LastSwiftUpdateCheck = 1010;
				LastUpgradeCheck = 1010;
				ORGANIZATIONNAME = anges;
				TargetAttributes = {
					9A4CDD2022187E730017EF2F = {
						CreatedOnToolsVersion = 10.1;
					};
				};
			};
			buildConfigurationList = 9A4CDD1C22187E730017EF2F /* Build configuration list for PBXProject "WebnSource" */;
			compatibilityVersion = "Xcode 9.3";
			developmentRegion = en;
			hasScannedForEncodings = 0;
			knownRegions = (
				en,
				Base,
			);
			mainGroup = 9A4CDD1822187E730017EF2F;
			productRefGroup = 9A4CDD2222187E730017EF2F /* Products */;
			projectDirPath = "";
			projectRoot = "";
			targets = (
				9A4CDD2022187E730017EF2F /* WebnSource */,
			);
		};
/* End PBXProject section */

/* Begin PBXResourcesBuildPhase section */
		9A4CDD1F22187E730017EF2F /* Resources */ = {
			isa = PBXResourcesBuildPhase;
			buildActionMask = 2147483647;
			files = (
				9A4CDD3122187E740017EF2F /* LaunchScreen.storyboard in Resources */,
				9A4CDD2E22187E740017EF2F /* Assets.xcassets in Resources */,
				9A4CDD2C22187E730017EF2F /* Main.storyboard in Resources */,
				9A340F3522208A3300EFCCF1 /* input.rtf in Resources */,
			);
			runOnlyForDeploymentPostprocessing = 0;
		};
/* End PBXResourcesBuildPhase section */

/* Begin PBXSourcesBuildPhase section */
		9A4CDD1D22187E730017EF2F /* Sources */ = {
			isa = PBXSourcesBuildPhase;
			buildActionMask = 2147483647;
			files = (
				9A4CDD2922187E730017EF2F /* SourceCode.swift in Sources */,
				9A4CDD2522187E730017EF2F /* AppDelegate.swift in Sources */,
				9A4CDD39221898C80017EF2F /* DataExchange.swift in Sources */,
				9A4CDD2722187E730017EF2F /* WebView.swift in Sources */,
				9ADFEEA72224782600A232AA /* StringExtension.swift in Sources */,
			);
			runOnlyForDeploymentPostprocessing = 0;
		};
/* End PBXSourcesBuildPhase section */

/* Begin PBXVariantGroup section */
		9A4CDD2A22187E730017EF2F /* Main.storyboard */ = {
			isa = PBXVariantGroup;
			children = (
				9A4CDD2B22187E730017EF2F /* Base */,
			);
			name = Main.storyboard;
			sourceTree = "<group>";
		};
		9A4CDD2F22187E740017EF2F /* LaunchScreen.storyboard */ = {
			isa = PBXVariantGroup;
			children = (
				9A4CDD3022187E740017EF2F /* Base */,
			);
			name = LaunchScreen.storyboard;
			sourceTree = "<group>";
		};
/* End PBXVariantGroup section */

/* Begin XCBuildConfiguration section */
		9A4CDD3322187E740017EF2F /* Debug */ = {
			isa = XCBuildConfiguration;
			buildSettings = {
				ALWAYS_SEARCH_USER_PATHS = NO;
				CLANG_ANALYZER_NONNULL = YES;
				CLANG_ANALYZER_NUMBER_OBJECT_CONVERSION = YES_AGGRESSIVE;
				CLANG_CXX_LANGUAGE_STANDARD = "gnu++14";
				CLANG_CXX_LIBRARY = "libc++";
				CLANG_ENABLE_MODULES = YES;
				CLANG_ENABLE_OBJC_ARC = YES;
				CLANG_ENABLE_OBJC_WEAK = YES;
				CLANG_WARN_BLOCK_CAPTURE_AUTORELEASING = YES;
				CLANG_WARN_BOOL_CONVERSION = YES;
				CLANG_WARN_COMMA = YES;
				CLANG_WARN_CONSTANT_CONVERSION = YES;
				CLANG_WARN_DEPRECATED_OBJC_IMPLEMENTATIONS = YES;
				CLANG_WARN_DIRECT_OBJC_ISA_USAGE = YES_ERROR;
				CLANG_WARN_DOCUMENTATION_COMMENTS = YES;
				CLANG_WARN_EMPTY_BODY = YES;
				CLANG_WARN_ENUM_CONVERSION = YES;
				CLANG_WARN_INFINITE_RECURSION = YES;
				CLANG_WARN_INT_CONVERSION = YES;
				CLANG_WARN_NON_LITERAL_NULL_CONVERSION = YES;
				CLANG_WARN_OBJC_IMPLICIT_RETAIN_SELF = YES;
				CLANG_WARN_OBJC_LITERAL_CONVERSION = YES;
				CLANG_WARN_OBJC_ROOT_CLASS = YES_ERROR;
				CLANG_WARN_RANGE_LOOP_ANALYSIS = YES;
				CLANG_WARN_STRICT_PROTOTYPES = YES;
				CLANG_WARN_SUSPICIOUS_MOVE = YES;
				CLANG_WARN_UNGUARDED_AVAILABILITY = YES_AGGRESSIVE;
				CLANG_WARN_UNREACHABLE_CODE = YES;
				CLANG_WARN__DUPLICATE_METHOD_MATCH = YES;
				CODE_SIGN_IDENTITY = "iPhone Developer";
				COPY_PHASE_STRIP = NO;
				DEBUG_INFORMATION_FORMAT = dwarf;
				ENABLE_STRICT_OBJC_MSGSEND = YES;
				ENABLE_TESTABILITY = YES;
				GCC_C_LANGUAGE_STANDARD = gnu11;
				GCC_DYNAMIC_NO_PIC = NO;
				GCC_NO_COMMON_BLOCKS = YES;
				GCC_OPTIMIZATION_LEVEL = 0;
				GCC_PREPROCESSOR_DEFINITIONS = (
					"DEBUG=1",
					"$(inherited)",
				);
				GCC_WARN_64_TO_32_BIT_CONVERSION = YES;
				GCC_WARN_ABOUT_RETURN_TYPE = YES_ERROR;
				GCC_WARN_UNDECLARED_SELECTOR = YES;
				GCC_WARN_UNINITIALIZED_AUTOS = YES_AGGRESSIVE;
				GCC_WARN_UNUSED_FUNCTION = YES;
				GCC_WARN_UNUSED_VARIABLE = YES;
				IPHONEOS_DEPLOYMENT_TARGET = 12.1;
				MTL_ENABLE_DEBUG_INFO = INCLUDE_SOURCE;
				MTL_FAST_MATH = YES;
				ONLY_ACTIVE_ARCH = YES;
				SDKROOT = iphoneos;
				SWIFT_ACTIVE_COMPILATION_CONDITIONS = DEBUG;
				SWIFT_OPTIMIZATION_LEVEL = "-Onone";
			};
			name = Debug;
		};
		9A4CDD3422187E740017EF2F /* Release */ = {
			isa = XCBuildConfiguration;
			buildSettings = {
				ALWAYS_SEARCH_USER_PATHS = NO;
				CLANG_ANALYZER_NONNULL = YES;
				CLANG_ANALYZER_NUMBER_OBJECT_CONVERSION = YES_AGGRESSIVE;
				CLANG_CXX_LANGUAGE_STANDARD = "gnu++14";
				CLANG_CXX_LIBRARY = "libc++";
				CLANG_ENABLE_MODULES = YES;
				CLANG_ENABLE_OBJC_ARC = YES;
				CLANG_ENABLE_OBJC_WEAK = YES;
				CLANG_WARN_BLOCK_CAPTURE_AUTORELEASING = YES;
				CLANG_WARN_BOOL_CONVERSION = YES;
				CLANG_WARN_COMMA = YES;
				CLANG_WARN_CONSTANT_CONVERSION = YES;
				CLANG_WARN_DEPRECATED_OBJC_IMPLEMENTATIONS = YES;
				CLANG_WARN_DIRECT_OBJC_ISA_USAGE = YES_ERROR;
				CLANG_WARN_DOCUMENTATION_COMMENTS = YES;
				CLANG_WARN_EMPTY_BODY = YES;
				CLANG_WARN_ENUM_CONVERSION = YES;
				CLANG_WARN_INFINITE_RECURSION = YES;
				CLANG_WARN_INT_CONVERSION = YES;
				CLANG_WARN_NON_LITERAL_NULL_CONVERSION = YES;
				CLANG_WARN_OBJC_IMPLICIT_RETAIN_SELF = YES;
				CLANG_WARN_OBJC_LITERAL_CONVERSION = YES;
				CLANG_WARN_OBJC_ROOT_CLASS = YES_ERROR;
				CLANG_WARN_RANGE_LOOP_ANALYSIS = YES;
				CLANG_WARN_STRICT_PROTOTYPES = YES;
				CLANG_WARN_SUSPICIOUS_MOVE = YES;
				CLANG_WARN_UNGUARDED_AVAILABILITY = YES_AGGRESSIVE;
				CLANG_WARN_UNREACHABLE_CODE = YES;
				CLANG_WARN__DUPLICATE_METHOD_MATCH = YES;
				CODE_SIGN_IDENTITY = "iPhone Developer";
				COPY_PHASE_STRIP = NO;
				DEBUG_INFORMATION_FORMAT = "dwarf-with-dsym";
				ENABLE_NS_ASSERTIONS = NO;
				ENABLE_STRICT_OBJC_MSGSEND = YES;
				GCC_C_LANGUAGE_STANDARD = gnu11;
				GCC_NO_COMMON_BLOCKS = YES;
				GCC_WARN_64_TO_32_BIT_CONVERSION = YES;
				GCC_WARN_ABOUT_RETURN_TYPE = YES_ERROR;
				GCC_WARN_UNDECLARED_SELECTOR = YES;
				GCC_WARN_UNINITIALIZED_AUTOS = YES_AGGRESSIVE;
				GCC_WARN_UNUSED_FUNCTION = YES;
				GCC_WARN_UNUSED_VARIABLE = YES;
				IPHONEOS_DEPLOYMENT_TARGET = 12.1;
				MTL_ENABLE_DEBUG_INFO = NO;
				MTL_FAST_MATH = YES;
				SDKROOT = iphoneos;
				SWIFT_COMPILATION_MODE = wholemodule;
				SWIFT_OPTIMIZATION_LEVEL = "-O";
				VALIDATE_PRODUCT = YES;
			};
			name = Release;
		};
		9A4CDD3622187E740017EF2F /* Debug */ = {
			isa = XCBuildConfiguration;
			buildSettings = {
				ASSETCATALOG_COMPILER_APPICON_NAME = AppIcon;
				CODE_SIGN_STYLE = Automatic;
				DEVELOPMENT_TEAM = YFZK5Y9U2C;
				INFOPLIST_FILE = WebnSource/Info.plist;
				LD_RUNPATH_SEARCH_PATHS = (
					"$(inherited)",
					"@executable_path/Frameworks",
				);
				PRODUCT_BUNDLE_IDENTIFIER = com.anges.WebnSource;
				PRODUCT_NAME = "$(TARGET_NAME)";
				SWIFT_VERSION = 4.2;
				TARGETED_DEVICE_FAMILY = "1,2";
			};
			name = Debug;
		};
		9A4CDD3722187E740017EF2F /* Release */ = {
			isa = XCBuildConfiguration;
			buildSettings = {
				ASSETCATALOG_COMPILER_APPICON_NAME = AppIcon;
				CODE_SIGN_STYLE = Automatic;
				DEVELOPMENT_TEAM = YFZK5Y9U2C;
				INFOPLIST_FILE = WebnSource/Info.plist;
				LD_RUNPATH_SEARCH_PATHS = (
					"$(inherited)",
					"@executable_path/Frameworks",
				);
				PRODUCT_BUNDLE_IDENTIFIER = com.anges.WebnSource;
				PRODUCT_NAME = "$(TARGET_NAME)";
				SWIFT_VERSION = 4.2;
				TARGETED_DEVICE_FAMILY = "1,2";
			};
			name = Release;
		};
/* End XCBuildConfiguration section */

/* Begin XCConfigurationList section */
		9A4CDD1C22187E730017EF2F /* Build configuration list for PBXProject "WebnSource" */ = {
			isa = XCConfigurationList;
			buildConfigurations = (
				9A4CDD3322187E740017EF2F /* Debug */,
				9A4CDD3422187E740017EF2F /* Release */,
			);
			defaultConfigurationIsVisible = 0;
			defaultConfigurationName = Release;
		};
		9A4CDD3522187E740017EF2F /* Build configuration list for PBXNativeTarget "WebnSource" */ = {
			isa = XCConfigurationList;
			buildConfigurations = (
				9A4CDD3622187E740017EF2F /* Debug */,
				9A4CDD3722187E740017EF2F /* Release */,
			);
			defaultConfigurationIsVisible = 0;
			defaultConfigurationName = Release;
		};
/* End XCConfigurationList section */
	};
	rootObject = 9A4CDD1922187E730017EF2F /* Project object */;
}
